{
  "lockfileVersion": 1,
  "workspaces": {
    "": {
      "name": "batch-prompter",
      "dependencies": {
        "@codeboratory/bunlog": "0.1.2",
        "@google-cloud/aiplatform": "^4.1.0",
        "@google-cloud/storage": "^7.15.2",
        "@google/generative-ai": "^0.24.0",
        "@paralleldrive/cuid2": "^2.2.2",
      },
      "devDependencies": {
        "@biomejs/biome": "1.9.4",
        "rolldown": "^1.0.0-beta.3",
      },
      "peerDependencies": {
        "@anthropic-ai/sdk": "0.39.0",
        "@types/bun": "^1.2.5",
        "openai": "4.87.1",
        "typescript": "^5",
      },
    },
  },
  "packages": {
    "@anthropic-ai/sdk": ["@anthropic-ai/sdk@0.39.0", "", { "dependencies": { "@types/node": "^18.11.18", "@types/node-fetch": "^2.6.4", "abort-controller": "^3.0.0", "agentkeepalive": "^4.2.1", "form-data-encoder": "1.7.2", "formdata-node": "^4.3.2", "node-fetch": "^2.6.7" } }, "sha512-eMyDIPRZbt1CCLErRCi3exlAvNkBtRe+kW5vvJyef93PmNr/clstYgHhtvmkxN82nlKgzyGPCyGxrm0JQ1ZIdg=="],

    "@biomejs/biome": ["@biomejs/biome@1.9.4", "", { "optionalDependencies": { "@biomejs/cli-darwin-arm64": "1.9.4", "@biomejs/cli-darwin-x64": "1.9.4", "@biomejs/cli-linux-arm64": "1.9.4", "@biomejs/cli-linux-arm64-musl": "1.9.4", "@biomejs/cli-linux-x64": "1.9.4", "@biomejs/cli-linux-x64-musl": "1.9.4", "@biomejs/cli-win32-arm64": "1.9.4", "@biomejs/cli-win32-x64": "1.9.4" }, "bin": { "biome": "bin/biome" } }, "sha512-1rkd7G70+o9KkTn5KLmDYXihGoTaIGO9PIIN2ZB7UJxFrWw04CZHPYiMRjYsaDvVV7hP1dYNRLxSANLaBFGpog=="],

    "@biomejs/cli-darwin-arm64": ["@biomejs/cli-darwin-arm64@1.9.4", "", { "os": "darwin", "cpu": "arm64" }, "sha512-bFBsPWrNvkdKrNCYeAp+xo2HecOGPAy9WyNyB/jKnnedgzl4W4Hb9ZMzYNbf8dMCGmUdSavlYHiR01QaYR58cw=="],

    "@biomejs/cli-darwin-x64": ["@biomejs/cli-darwin-x64@1.9.4", "", { "os": "darwin", "cpu": "x64" }, "sha512-ngYBh/+bEedqkSevPVhLP4QfVPCpb+4BBe2p7Xs32dBgs7rh9nY2AIYUL6BgLw1JVXV8GlpKmb/hNiuIxfPfZg=="],

    "@biomejs/cli-linux-arm64": ["@biomejs/cli-linux-arm64@1.9.4", "", { "os": "linux", "cpu": "arm64" }, "sha512-fJIW0+LYujdjUgJJuwesP4EjIBl/N/TcOX3IvIHJQNsAqvV2CHIogsmA94BPG6jZATS4Hi+xv4SkBBQSt1N4/g=="],

    "@biomejs/cli-linux-arm64-musl": ["@biomejs/cli-linux-arm64-musl@1.9.4", "", { "os": "linux", "cpu": "arm64" }, "sha512-v665Ct9WCRjGa8+kTr0CzApU0+XXtRgwmzIf1SeKSGAv+2scAlW6JR5PMFo6FzqqZ64Po79cKODKf3/AAmECqA=="],

    "@biomejs/cli-linux-x64": ["@biomejs/cli-linux-x64@1.9.4", "", { "os": "linux", "cpu": "x64" }, "sha512-lRCJv/Vi3Vlwmbd6K+oQ0KhLHMAysN8lXoCI7XeHlxaajk06u7G+UsFSO01NAs5iYuWKmVZjmiOzJ0OJmGsMwg=="],

    "@biomejs/cli-linux-x64-musl": ["@biomejs/cli-linux-x64-musl@1.9.4", "", { "os": "linux", "cpu": "x64" }, "sha512-gEhi/jSBhZ2m6wjV530Yy8+fNqG8PAinM3oV7CyO+6c3CEh16Eizm21uHVsyVBEB6RIM8JHIl6AGYCv6Q6Q9Tg=="],

    "@biomejs/cli-win32-arm64": ["@biomejs/cli-win32-arm64@1.9.4", "", { "os": "win32", "cpu": "arm64" }, "sha512-tlbhLk+WXZmgwoIKwHIHEBZUwxml7bRJgk0X2sPyNR3S93cdRq6XulAZRQJ17FYGGzWne0fgrXBKpl7l4M87Hg=="],

    "@biomejs/cli-win32-x64": ["@biomejs/cli-win32-x64@1.9.4", "", { "os": "win32", "cpu": "x64" }, "sha512-8Y5wMhVIPaWe6jw2H+KlEm4wP/f7EW3810ZLmDlrEEy5KvBsb9ECEfu/kMWD484ijfQ8+nIi0giMgu9g1UAuuA=="],

    "@codeboratory/bunlog": ["@codeboratory/bunlog@0.1.2", "", { "peerDependencies": { "typescript": "^5" } }, "sha512-jFbkK4mvYI2SKLL2RH/JjFcTWtNsfX3yQmWZhr6rzNJ8GswpXqgnGOT1Fy2LJv5uGe+zO3nc7+cn3wmUHM4+hA=="],

    "@emnapi/core": ["@emnapi/core@1.3.1", "", { "dependencies": { "@emnapi/wasi-threads": "1.0.1", "tslib": "^2.4.0" } }, "sha512-pVGjBIt1Y6gg3EJN8jTcfpP/+uuRksIo055oE/OBkDNcjZqVbfkWCksG1Jp4yZnj3iKWyWX8fdG/j6UDYPbFog=="],

    "@emnapi/runtime": ["@emnapi/runtime@1.3.1", "", { "dependencies": { "tslib": "^2.4.0" } }, "sha512-kEBmG8KyqtxJZv+ygbEim+KCGtIq1fC22Ms3S4ziXmYKm8uyoLX0MHONVKwp+9opg390VaKRNt4a7A9NwmpNhw=="],

    "@emnapi/wasi-threads": ["@emnapi/wasi-threads@1.0.1", "", { "dependencies": { "tslib": "^2.4.0" } }, "sha512-iIBu7mwkq4UQGeMEM8bLwNK962nXdhodeScX4slfQnRhEMMzvYivHhutCIk8uojvmASXXPC2WNEjwxFWk72Oqw=="],

    "@google-cloud/aiplatform": ["@google-cloud/aiplatform@4.1.0", "", { "dependencies": { "google-gax": "^5.0.0-rc.0", "protobuf.js": "^1.1.2" } }, "sha512-JJVeptNgveCJMT1+LHSBPQPjbwCh0Ir2BexxbS4bhmnEP/acPfDmU/f1hA/tQshqQveKryWvCSxK5TC5cyKE1Q=="],

    "@google-cloud/paginator": ["@google-cloud/paginator@5.0.2", "", { "dependencies": { "arrify": "^2.0.0", "extend": "^3.0.2" } }, "sha512-DJS3s0OVH4zFDB1PzjxAsHqJT6sKVbRwwML0ZBP9PbU7Yebtu/7SWMRzvO2J3nUi9pRNITCfu4LJeooM2w4pjg=="],

    "@google-cloud/projectify": ["@google-cloud/projectify@4.0.0", "", {}, "sha512-MmaX6HeSvyPbWGwFq7mXdo0uQZLGBYCwziiLIGq5JVX+/bdI3SAq6bP98trV5eTWfLuvsMcIC1YJOF2vfteLFA=="],

    "@google-cloud/promisify": ["@google-cloud/promisify@4.1.0", "", {}, "sha512-G/FQx5cE/+DqBbOpA5jKsegGwdPniU6PuIEMt+qxWgFxvxuFOzVmp6zYchtYuwAWV5/8Dgs0yAmjvNZv3uXLQg=="],

    "@google-cloud/storage": ["@google-cloud/storage@7.15.2", "", { "dependencies": { "@google-cloud/paginator": "^5.0.0", "@google-cloud/projectify": "^4.0.0", "@google-cloud/promisify": "^4.0.0", "abort-controller": "^3.0.0", "async-retry": "^1.3.3", "duplexify": "^4.1.3", "fast-xml-parser": "^4.4.1", "gaxios": "^6.0.2", "google-auth-library": "^9.6.3", "html-entities": "^2.5.2", "mime": "^3.0.0", "p-limit": "^3.0.1", "retry-request": "^7.0.0", "teeny-request": "^9.0.0", "uuid": "^8.0.0" } }, "sha512-+2k+mcQBb9zkaXMllf2wwR/rI07guAx+eZLWsGTDihW2lJRGfiqB7xu1r7/s4uvSP/T+nAumvzT5TTscwHKJ9A=="],

    "@google/generative-ai": ["@google/generative-ai@0.24.0", "", {}, "sha512-fnEITCGEB7NdX0BhoYZ/cq/7WPZ1QS5IzJJfC3Tg/OwkvBetMiVJciyaan297OvE4B9Jg1xvo0zIazX/9sGu1Q=="],

    "@grpc/grpc-js": ["@grpc/grpc-js@1.13.2", "", { "dependencies": { "@grpc/proto-loader": "^0.7.13", "@js-sdsl/ordered-map": "^4.4.2" } }, "sha512-nnR5nmL6lxF8YBqb6gWvEgLdLh/Fn+kvAdX5hUOnt48sNSb0riz/93ASd2E5gvanPA41X6Yp25bIfGRp1SMb2g=="],

    "@grpc/proto-loader": ["@grpc/proto-loader@0.7.13", "", { "dependencies": { "lodash.camelcase": "^4.3.0", "long": "^5.0.0", "protobufjs": "^7.2.5", "yargs": "^17.7.2" }, "bin": { "proto-loader-gen-types": "build/bin/proto-loader-gen-types.js" } }, "sha512-AiXO/bfe9bmxBjxxtYxFAXGZvMaN5s8kO+jBHAJCON8rJoB5YS/D6X7ZNc6XQkuHNmyl4CYaMI1fJ/Gn27RGGw=="],

    "@js-sdsl/ordered-map": ["@js-sdsl/ordered-map@4.4.2", "", {}, "sha512-iUKgm52T8HOE/makSxjqoWhe95ZJA1/G1sYsGev2JDKUSS14KAgg1LHb+Ba+IPow0xflbnSkOsZcO08C7w1gYw=="],

    "@napi-rs/wasm-runtime": ["@napi-rs/wasm-runtime@0.2.7", "", { "dependencies": { "@emnapi/core": "^1.3.1", "@emnapi/runtime": "^1.3.1", "@tybys/wasm-util": "^0.9.0" } }, "sha512-5yximcFK5FNompXfJFoWanu5l8v1hNGqNHh9du1xETp9HWk/B/PzvchX55WYOPaIeNglG8++68AAiauBAtbnzw=="],

    "@noble/hashes": ["@noble/hashes@1.7.1", "", {}, "sha512-B8XBPsn4vT/KJAGqDzbwztd+6Yte3P4V7iafm24bxgDe/mlRuK6xmWPuCNrKt2vDafZ8MfJLlchDG/vYafQEjQ=="],

    "@oxc-project/types": ["@oxc-project/types@0.48.2", "", {}, "sha512-i2+xs0EKA7Ich5GP4rNyQnO+1Oio6XqzmQQSSVlNxyCPRUvp4V0ovY/e28K4F1vwakc51B251iSKbtHw03sZOw=="],

    "@paralleldrive/cuid2": ["@paralleldrive/cuid2@2.2.2", "", { "dependencies": { "@noble/hashes": "^1.1.5" } }, "sha512-ZOBkgDwEdoYVlSeRbYYXs0S9MejQofiVYoTbKzy/6GQa39/q5tQU2IX46+shYnUkpEl3wc+J6wRlar7r2EK2xA=="],

    "@protobufjs/aspromise": ["@protobufjs/aspromise@1.1.2", "", {}, "sha512-j+gKExEuLmKwvz3OgROXtrJ2UG2x8Ch2YZUxahh+s1F2HZ+wAceUNLkvy6zKCPVRkU++ZWQrdxsUeQXmcg4uoQ=="],

    "@protobufjs/base64": ["@protobufjs/base64@1.1.2", "", {}, "sha512-AZkcAA5vnN/v4PDqKyMR5lx7hZttPDgClv83E//FMNhR2TMcLUhfRUBHCmSl0oi9zMgDDqRUJkSxO3wm85+XLg=="],

    "@protobufjs/codegen": ["@protobufjs/codegen@2.0.4", "", {}, "sha512-YyFaikqM5sH0ziFZCN3xDC7zeGaB/d0IUb9CATugHWbd1FRFwWwt4ld4OYMPWu5a3Xe01mGAULCdqhMlPl29Jg=="],

    "@protobufjs/eventemitter": ["@protobufjs/eventemitter@1.1.0", "", {}, "sha512-j9ednRT81vYJ9OfVuXG6ERSTdEL1xVsNgqpkxMsbIabzSo3goCjDIveeGv5d03om39ML71RdmrGNjG5SReBP/Q=="],

    "@protobufjs/fetch": ["@protobufjs/fetch@1.1.0", "", { "dependencies": { "@protobufjs/aspromise": "^1.1.1", "@protobufjs/inquire": "^1.1.0" } }, "sha512-lljVXpqXebpsijW71PZaCYeIcE5on1w5DlQy5WH6GLbFryLUrBD4932W/E2BSpfRJWseIL4v/KPgBFxDOIdKpQ=="],

    "@protobufjs/float": ["@protobufjs/float@1.0.2", "", {}, "sha512-Ddb+kVXlXst9d+R9PfTIxh1EdNkgoRe5tOX6t01f1lYWOvJnSPDBlG241QLzcyPdoNTsblLUdujGSE4RzrTZGQ=="],

    "@protobufjs/inquire": ["@protobufjs/inquire@1.1.0", "", {}, "sha512-kdSefcPdruJiFMVSbn801t4vFK7KB/5gd2fYvrxhuJYg8ILrmn9SKSX2tZdV6V+ksulWqS7aXjBcRXl3wHoD9Q=="],

    "@protobufjs/path": ["@protobufjs/path@1.1.2", "", {}, "sha512-6JOcJ5Tm08dOHAbdR3GrvP+yUUfkjG5ePsHYczMFLq3ZmMkAD98cDgcT2iA1lJ9NVwFd4tH/iSSoe44YWkltEA=="],

    "@protobufjs/pool": ["@protobufjs/pool@1.1.0", "", {}, "sha512-0kELaGSIDBKvcgS4zkjz1PeddatrjYcmMWOlAuAPwAeccUrPHdUqo/J6LiymHHEiJT5NrF1UVwxY14f+fy4WQw=="],

    "@protobufjs/utf8": ["@protobufjs/utf8@1.1.0", "", {}, "sha512-Vvn3zZrhQZkkBE8LSuW3em98c0FwgO4nxzv6OdSxPKJIEKY2bGbHn+mhGIPerzI4twdxaP8/0+06HBpwf345Lw=="],

    "@rolldown/binding-darwin-arm64": ["@rolldown/binding-darwin-arm64@1.0.0-beta.3-commit.fc7dd8c", "", { "os": "darwin", "cpu": "arm64" }, "sha512-i/q2nn/84KqAfeGwWlmpx4vlLlw29cCTg357hehqiCiy8aByFb24EUU/kOpkwB+8ehEBKjgqFsctDijtnxAayw=="],

    "@rolldown/binding-darwin-x64": ["@rolldown/binding-darwin-x64@1.0.0-beta.3-commit.fc7dd8c", "", { "os": "darwin", "cpu": "x64" }, "sha512-KLWsQQlU0oOXV27m9xXwuJ8TFs3+8nUGUKDcI1W5MG4Kw1H1mb5bNY1Pc2pceZ8xPetwfw9cQqqXPaQN2nmbVw=="],

    "@rolldown/binding-freebsd-x64": ["@rolldown/binding-freebsd-x64@1.0.0-beta.3-commit.fc7dd8c", "", { "os": "freebsd", "cpu": "x64" }, "sha512-kkPp6WFrVusxyxolh1KEalZtSXzSb6c2f5yKB8C6nykmIhCgCwrLAkyF7IphRwohBXFwMiFIpZPYYMRiRhvNNA=="],

    "@rolldown/binding-linux-arm-gnueabihf": ["@rolldown/binding-linux-arm-gnueabihf@1.0.0-beta.3-commit.fc7dd8c", "", { "os": "linux", "cpu": "arm" }, "sha512-U+9/rDkCtXSdLOe7ryhhophOxVFJa+eoczYBeFUUvqA6IEo3dkB+odmUjTqACXrxdqcCZ/IvgHjK/SxyY/vc9g=="],

    "@rolldown/binding-linux-arm64-gnu": ["@rolldown/binding-linux-arm64-gnu@1.0.0-beta.3-commit.fc7dd8c", "", { "os": "linux", "cpu": "arm64" }, "sha512-0yF8WwN1obwYbrqiUFEcsGwLr290gH5lsNkU6vLecQyE1/e2tIkhPR2QU414k8wSVWqAC/N3smLI3pVrHuyedg=="],

    "@rolldown/binding-linux-arm64-musl": ["@rolldown/binding-linux-arm64-musl@1.0.0-beta.3-commit.fc7dd8c", "", { "os": "linux", "cpu": "arm64" }, "sha512-fahFf2iER7T2PFRR3+5gNiwVBh7Wh3HjUT9swGqKVjKvpUvAyUOOqneDOlX4bwkXn4i6FRQC/pGdAGAfQS2AYw=="],

    "@rolldown/binding-linux-x64-gnu": ["@rolldown/binding-linux-x64-gnu@1.0.0-beta.3-commit.fc7dd8c", "", { "os": "linux", "cpu": "x64" }, "sha512-glheA0h4P4Q5VZlOZMxyNpC3u2MgxEE7KdsIzHHb3eOwQ/atKgTiecUoKEoPjQTNsFelD+2jXMxV9A7ZsDfb6A=="],

    "@rolldown/binding-linux-x64-musl": ["@rolldown/binding-linux-x64-musl@1.0.0-beta.3-commit.fc7dd8c", "", { "os": "linux", "cpu": "x64" }, "sha512-Rc65Na0cvMsXfa+hxASjHoFzbjBMoWCa5HNCSerap2nEItwdFNWzO/6/0ErLl4ixEf9ZLVaLEMXbmP7LV/TopQ=="],

    "@rolldown/binding-wasm32-wasi": ["@rolldown/binding-wasm32-wasi@1.0.0-beta.3-commit.fc7dd8c", "", { "dependencies": { "@napi-rs/wasm-runtime": "^0.2.4" }, "cpu": "none" }, "sha512-J/GiB3WZEWZ3OdM1BuxR7R3r7f5sc0blnpva5Y6i1Prds7Wufq/RPkAnelNaw6UjdMzA6Z+ZhCxNwUvFsv3gow=="],

    "@rolldown/binding-win32-arm64-msvc": ["@rolldown/binding-win32-arm64-msvc@1.0.0-beta.3-commit.fc7dd8c", "", { "os": "win32", "cpu": "arm64" }, "sha512-5xOOCRgAKs2MFrQWD/mj8+XoO0vJBbPrB1UNAazxaLXXxqc/ARE3AaV2AjmHx/9nEnnPOa/A+WGET0+FZJeIbA=="],

    "@rolldown/binding-win32-ia32-msvc": ["@rolldown/binding-win32-ia32-msvc@1.0.0-beta.3-commit.fc7dd8c", "", { "os": "win32", "cpu": "ia32" }, "sha512-QGxVkObATuFYN3m9aRllYUaiHN9ri/gjzgMAZE+3OPOmrVsH74KozrWIuHuwv1RLnm5E22mHSCIhvlts+2sIhQ=="],

    "@rolldown/binding-win32-x64-msvc": ["@rolldown/binding-win32-x64-msvc@1.0.0-beta.3-commit.fc7dd8c", "", { "os": "win32", "cpu": "x64" }, "sha512-yRLHbfvQEmnL4JC6V7dH/A+6r0qGfNvvne1MELavSmBs6IaNFCUd+qZZqGqTiR+Kv9zwgEbZW8OuNcGmfetl+w=="],

    "@tootallnate/once": ["@tootallnate/once@2.0.0", "", {}, "sha512-XCuKFP5PS55gnMVu3dty8KPatLqUoy/ZYzDzAGCQ8JNFCkLXzmI7vNHCR+XpbZaMWQK/vQubr7PkYq8g470J/A=="],

    "@tybys/wasm-util": ["@tybys/wasm-util@0.9.0", "", { "dependencies": { "tslib": "^2.4.0" } }, "sha512-6+7nlbMVX/PVDCwaIQ8nTOPveOcFLSt8GcXdx8hD0bt39uWxYT88uXzqTd4fTvqta7oeUJqudepapKNt2DYJFw=="],

    "@types/bun": ["@types/bun@1.2.5", "", { "dependencies": { "bun-types": "1.2.5" } }, "sha512-w2OZTzrZTVtbnJew1pdFmgV99H0/L+Pvw+z1P67HaR18MHOzYnTYOi6qzErhK8HyT+DB782ADVPPE92Xu2/Opg=="],

    "@types/caseless": ["@types/caseless@0.12.5", "", {}, "sha512-hWtVTC2q7hc7xZ/RLbxapMvDMgUnDvKvMOpKal4DrMyfGBUfB1oKaZlIRr6mJL+If3bAP6sV/QneGzF6tJjZDg=="],

    "@types/long": ["@types/long@5.0.0", "", { "dependencies": { "long": "*" } }, "sha512-eQs9RsucA/LNjnMoJvWG/nXa7Pot/RbBzilF/QRIU/xRl+0ApxrSUFsV5lmf01SvSlqMzJ7Zwxe440wmz2SJGA=="],

    "@types/node": ["@types/node@18.19.80", "", { "dependencies": { "undici-types": "~5.26.4" } }, "sha512-kEWeMwMeIvxYkeg1gTc01awpwLbfMRZXdIhwRcakd/KlK53jmRC26LqcbIt7fnAQTu5GzlnWmzA3H6+l1u6xxQ=="],

    "@types/node-fetch": ["@types/node-fetch@2.6.12", "", { "dependencies": { "@types/node": "*", "form-data": "^4.0.0" } }, "sha512-8nneRWKCg3rMtF69nLQJnOYUcbafYeFSjqkw3jCRLsqkWFlHaoQrr5mXmofFGOx3DKn7UfmBMyov8ySvLRVldA=="],

    "@types/request": ["@types/request@2.48.12", "", { "dependencies": { "@types/caseless": "*", "@types/node": "*", "@types/tough-cookie": "*", "form-data": "^2.5.0" } }, "sha512-G3sY+NpsA9jnwm0ixhAFQSJ3Q9JkpLZpJbI3GMv0mIAT0y3mRabYeINzal5WOChIiaTEGQYlHOKgkaM9EisWHw=="],

    "@types/tough-cookie": ["@types/tough-cookie@4.0.5", "", {}, "sha512-/Ad8+nIOV7Rl++6f1BdKxFSMgmoqEoYbHRpPcx3JEfv8VRsQe9Z4mCXeJBzxs7mbHY/XOZZuXlRNfhpVPbs6ZA=="],

    "@types/ws": ["@types/ws@8.5.14", "", { "dependencies": { "@types/node": "*" } }, "sha512-bd/YFLW+URhBzMXurx7lWByOu+xzU9+kb3RboOteXYDfW+tr+JZa99OyNmPINEGB/ahzKrEuc8rcv4gnpJmxTw=="],

    "@valibot/to-json-schema": ["@valibot/to-json-schema@1.0.0-beta.5", "", { "peerDependencies": { "valibot": "^1.0.0 || ^1.0.0-beta.5 || ^1.0.0-rc" } }, "sha512-8aI2sG98gWS+6YuIL3OMkg60sImhICPdZIFCV1XDyX8k6UOCX+MgXaeR3f2fDShuNXYHV46vcjWRpov8ojzDNw=="],

    "abort-controller": ["abort-controller@3.0.0", "", { "dependencies": { "event-target-shim": "^5.0.0" } }, "sha512-h8lQ8tacZYnR3vNQTgibj+tODHI5/+l06Au2Pcriv/Gmet0eaj4TwWH41sO9wnHDiQsEj19q0drzdWdeAHtweg=="],

    "agent-base": ["agent-base@7.1.3", "", {}, "sha512-jRR5wdylq8CkOe6hei19GGZnxM6rBGwFl3Bg0YItGDimvjGtAvdZk4Pu6Cl4u4Igsws4a1fd1Vq3ezrhn4KmFw=="],

    "agentkeepalive": ["agentkeepalive@4.6.0", "", { "dependencies": { "humanize-ms": "^1.2.1" } }, "sha512-kja8j7PjmncONqaTsB8fQ+wE2mSU2DJ9D4XKoJ5PFWIdRMa6SLSN1ff4mOr4jCbfRSsxR4keIiySJU0N9T5hIQ=="],

    "ansi-regex": ["ansi-regex@5.0.1", "", {}, "sha512-quJQXlTSUGL2LH9SUXo8VwsY4soanhgo6LNSm84E1LBcE8s3O0wpdiRzyR9z/ZZJMlMWv37qOOb9pdJlMUEKFQ=="],

    "ansi-styles": ["ansi-styles@4.3.0", "", { "dependencies": { "color-convert": "^2.0.1" } }, "sha512-zbB9rCJAT1rbjiVDb2hqKFHNYLxgtk8NURxZ3IZwD3F6NtxbXZQCnnSi1Lkx+IDohdPlFp222wVALIheZJQSEg=="],

    "arrify": ["arrify@2.0.1", "", {}, "sha512-3duEwti880xqi4eAMN8AyR4a0ByT90zoYdLlevfrvU43vb0YZwZVfxOgxWrLXXXpyugL0hNZc9G6BiB5B3nUug=="],

    "async-retry": ["async-retry@1.3.3", "", { "dependencies": { "retry": "0.13.1" } }, "sha512-wfr/jstw9xNi/0teMHrRW7dsz3Lt5ARhYNZ2ewpadnhaIp5mbALhOAP+EAdsC7t4Z6wqsDVv9+W6gm1Dk9mEyw=="],

    "asynckit": ["asynckit@0.4.0", "", {}, "sha512-Oei9OH4tRh0YqU3GxhX79dM/mwVgvbZJaSNaRk+bshkj0S5cfHcgYakreBjrHwatXKbz+IoIdYLxrKim2MjW0Q=="],

    "base64-js": ["base64-js@1.5.1", "", {}, "sha512-AKpaYlHn8t4SVbOHCy+b5+KKgvR4vrsD8vbvrbiQJps7fKDTkjkDry6ji0rUJjC0kzbNePLwzxq8iypo41qeWA=="],

    "bignumber.js": ["bignumber.js@9.1.2", "", {}, "sha512-2/mKyZH9K85bzOEfhXDBFZTGd1CTs+5IHpeFQo9luiBG7hghdC851Pj2WAhb6E3R6b9tZj/XKhbg4fum+Kepug=="],

    "buffer-equal-constant-time": ["buffer-equal-constant-time@1.0.1", "", {}, "sha512-zRpUiDwd/xk6ADqPMATG8vc9VPrkck7T07OIx0gnjmJAnHnTVXNQG3vfvWNuiZIkwu9KrKdA1iJKfsfTVxE6NA=="],

    "bun-types": ["bun-types@1.2.5", "", { "dependencies": { "@types/node": "*", "@types/ws": "~8.5.10" } }, "sha512-3oO6LVGGRRKI4kHINx5PIdIgnLRb7l/SprhzqXapmoYkFl5m4j6EvALvbDVuuBFaamB46Ap6HCUxIXNLCGy+tg=="],

    "call-bind-apply-helpers": ["call-bind-apply-helpers@1.0.2", "", { "dependencies": { "es-errors": "^1.3.0", "function-bind": "^1.1.2" } }, "sha512-Sp1ablJ0ivDkSzjcaJdxEunN5/XvksFJ2sMBFfq6x0ryhQV/2b/KwFe21cMpmHtPOSij8K99/wSfoEuTObmuMQ=="],

    "cliui": ["cliui@8.0.1", "", { "dependencies": { "string-width": "^4.2.0", "strip-ansi": "^6.0.1", "wrap-ansi": "^7.0.0" } }, "sha512-BSeNnyus75C4//NQ9gQt1/csTXyo/8Sb+afLAkzAptFuMsod9HFokGNudZpi/oQV73hnVK+sR+5PVRMd+Dr7YQ=="],

    "color-convert": ["color-convert@2.0.1", "", { "dependencies": { "color-name": "~1.1.4" } }, "sha512-RRECPsj7iu/xb5oKYcsFHSppFNnsj/52OVTRKb4zP5onXwVF3zVmmToNcOfGC+CRDpfK/U584fMg38ZHCaElKQ=="],

    "color-name": ["color-name@1.1.4", "", {}, "sha512-dOy+3AuW3a2wNbZHIuMZpTcgjGuLU/uBL/ubcZF9OXbDo8ff4O8yVp5Bf0efS8uEoYo5q4Fx7dY9OgQGXgAsQA=="],

    "combined-stream": ["combined-stream@1.0.8", "", { "dependencies": { "delayed-stream": "~1.0.0" } }, "sha512-FQN4MRfuJeHf7cBbBMJFXhKSDq+2kAArBlmRBvcvFE5BB1HZKXtSFASDhdlz9zOYwxh8lDdnvmMOe/+5cdoEdg=="],

    "data-uri-to-buffer": ["data-uri-to-buffer@4.0.1", "", {}, "sha512-0R9ikRb668HB7QDxT1vkpuUBtqc53YyAwMwGeUFKRojY/NWKvdZ+9UYtRfGmhqNbRkTSVpMbmyhXipFFv2cb/A=="],

    "debug": ["debug@4.4.0", "", { "dependencies": { "ms": "^2.1.3" } }, "sha512-6WTZ/IxCY/T6BALoZHaE4ctp9xm+Z5kY/pzYaCHRFeyVhojxlrm+46y68HA6hr0TcwEssoxNiDEUJQjfPZ/RYA=="],

    "delayed-stream": ["delayed-stream@1.0.0", "", {}, "sha512-ZySD7Nf91aLB0RxL4KGrKHBXl7Eds1DAmEdcoVawXnLD7SDhpNgtuII2aAkg7a7QS41jxPSZ17p4VdGnMHk3MQ=="],

    "dunder-proto": ["dunder-proto@1.0.1", "", { "dependencies": { "call-bind-apply-helpers": "^1.0.1", "es-errors": "^1.3.0", "gopd": "^1.2.0" } }, "sha512-KIN/nDJBQRcXw0MLVhZE9iQHmG68qAVIBg9CqmUYjmQIhgij9U5MFvrqkUL5FbtyyzZuOeOt0zdeRe4UY7ct+A=="],

    "duplexify": ["duplexify@4.1.3", "", { "dependencies": { "end-of-stream": "^1.4.1", "inherits": "^2.0.3", "readable-stream": "^3.1.1", "stream-shift": "^1.0.2" } }, "sha512-M3BmBhwJRZsSx38lZyhE53Csddgzl5R7xGJNk7CVddZD6CcmwMCH8J+7AprIrQKH7TonKxaCjcv27Qmf+sQ+oA=="],

    "ecdsa-sig-formatter": ["ecdsa-sig-formatter@1.0.11", "", { "dependencies": { "safe-buffer": "^5.0.1" } }, "sha512-nagl3RYrbNv6kQkeJIpt6NJZy8twLB/2vtz6yN9Z4vRKHN4/QZJIEbqohALSgwKdnksuY3k5Addp5lg8sVoVcQ=="],

    "emoji-regex": ["emoji-regex@8.0.0", "", {}, "sha512-MSjYzcWNOA0ewAHpz0MxpYFvwg6yjy1NG3xteoqz644VCo/RPgnr1/GGt+ic3iJTzQ8Eu3TdM14SawnVUmGE6A=="],

    "end-of-stream": ["end-of-stream@1.4.4", "", { "dependencies": { "once": "^1.4.0" } }, "sha512-+uw1inIHVPQoaVuHzRyXd21icM+cnt4CzD5rW+NC1wjOUSTOs+Te7FOv7AhN7vS9x/oIyhLP5PR1H+phQAHu5Q=="],

    "es-define-property": ["es-define-property@1.0.1", "", {}, "sha512-e3nRfgfUZ4rNGL232gUgX06QNyyez04KdjFrF+LTRoOXmrOgFKDg4BCdsjW8EnT69eqdYGmRpJwiPVYNrCaW3g=="],

    "es-errors": ["es-errors@1.3.0", "", {}, "sha512-Zf5H2Kxt2xjTvbJvP2ZWLEICxA6j+hAmMzIlypy4xcBg1vKVnx89Wy0GbS+kf5cwCVFFzdCFh2XSCFNULS6csw=="],

    "es-object-atoms": ["es-object-atoms@1.1.1", "", { "dependencies": { "es-errors": "^1.3.0" } }, "sha512-FGgH2h8zKNim9ljj7dankFPcICIK9Cp5bm+c2gQSYePhpaG5+esrLODihIorn+Pe6FGJzWhXQotPv73jTaldXA=="],

    "es-set-tostringtag": ["es-set-tostringtag@2.1.0", "", { "dependencies": { "es-errors": "^1.3.0", "get-intrinsic": "^1.2.6", "has-tostringtag": "^1.0.2", "hasown": "^2.0.2" } }, "sha512-j6vWzfrGVfyXxge+O0x5sh6cvxAog0a/4Rdd2K36zCMV5eJ+/+tOAngRO8cODMNWbVRdVlmGZQL2YS3yR8bIUA=="],

    "escalade": ["escalade@3.2.0", "", {}, "sha512-WUj2qlxaQtO4g6Pq5c29GTcWGDyd8itL8zTlipgECz3JesAiiOKotd8JU6otB3PACgG6xkJUyVhboMS+bje/jA=="],

    "event-target-shim": ["event-target-shim@5.0.1", "", {}, "sha512-i/2XbnSz/uxRCU6+NdVJgKWDTM427+MqYbkQzD321DuCQJUqOuJKIA0IM2+W2xtYHdKOmZ4dR6fExsd4SXL+WQ=="],

    "extend": ["extend@3.0.2", "", {}, "sha512-fjquC59cD7CyW6urNXK0FBufkZcoiGG80wTuPujX590cB5Ttln20E2UB4S/WARVqhXffZl2LNgS+gQdPIIim/g=="],

    "fast-xml-parser": ["fast-xml-parser@4.5.3", "", { "dependencies": { "strnum": "^1.1.1" }, "bin": { "fxparser": "src/cli/cli.js" } }, "sha512-RKihhV+SHsIUGXObeVy9AXiBbFwkVk7Syp8XgwN5U3JV416+Gwp/GO9i0JYKmikykgz/UHRrrV4ROuZEo/T0ig=="],

    "fetch-blob": ["fetch-blob@3.2.0", "", { "dependencies": { "node-domexception": "^1.0.0", "web-streams-polyfill": "^3.0.3" } }, "sha512-7yAQpD2UMJzLi1Dqv7qFYnPbaPx7ZfFK6PiIxQ4PfkGPyNyl2Ugx+a/umUonmKqjhM4DnfbMvdX6otXq83soQQ=="],

    "form-data": ["form-data@4.0.2", "", { "dependencies": { "asynckit": "^0.4.0", "combined-stream": "^1.0.8", "es-set-tostringtag": "^2.1.0", "mime-types": "^2.1.12" } }, "sha512-hGfm/slu0ZabnNt4oaRZ6uREyfCj6P4fT/n6A1rGV+Z0VdGXjfOhVUpkn6qVQONHGIFwmveGXyDs75+nr6FM8w=="],

    "form-data-encoder": ["form-data-encoder@1.7.2", "", {}, "sha512-qfqtYan3rxrnCk1VYaA4H+Ms9xdpPqvLZa6xmMgFvhO32x7/3J/ExcTd6qpxM0vH2GdMI+poehyBZvqfMTto8A=="],

    "formdata-node": ["formdata-node@4.4.1", "", { "dependencies": { "node-domexception": "1.0.0", "web-streams-polyfill": "4.0.0-beta.3" } }, "sha512-0iirZp3uVDjVGt9p49aTaqjk84TrglENEDuqfdlZQ1roC9CWlPk6Avf8EEnZNcAqPonwkG35x4n3ww/1THYAeQ=="],

    "formdata-polyfill": ["formdata-polyfill@4.0.10", "", { "dependencies": { "fetch-blob": "^3.1.2" } }, "sha512-buewHzMvYL29jdeQTVILecSaZKnt/RJWjoZCF5OW60Z67/GmSLBkOFM7qh1PI3zFNtJbaZL5eQu1vLfazOwj4g=="],

    "function-bind": ["function-bind@1.1.2", "", {}, "sha512-7XHNxH7qX9xG5mIwxkhumTox/MIRNcOgDrxWsMt2pAr23WHp6MrRlN7FBSFpCpr+oVO0F744iUgR82nJMfG2SA=="],

    "gaxios": ["gaxios@6.7.1", "", { "dependencies": { "extend": "^3.0.2", "https-proxy-agent": "^7.0.1", "is-stream": "^2.0.0", "node-fetch": "^2.6.9", "uuid": "^9.0.1" } }, "sha512-LDODD4TMYx7XXdpwxAVRAIAuB0bzv0s+ywFonY46k126qzQHT9ygyoa9tncmOiQmmDrik65UYsEkv3lbfqQ3yQ=="],

    "gcp-metadata": ["gcp-metadata@6.1.1", "", { "dependencies": { "gaxios": "^6.1.1", "google-logging-utils": "^0.0.2", "json-bigint": "^1.0.0" } }, "sha512-a4tiq7E0/5fTjxPAaH4jpjkSv/uCaU2p5KC6HVGrvl0cDjA8iBZv4vv1gyzlmK0ZUKqwpOyQMKzZQe3lTit77A=="],

    "get-caller-file": ["get-caller-file@2.0.5", "", {}, "sha512-DyFP3BM/3YHTQOCUL/w0OZHR0lpKeGrxotcHWcqNEdnltqFwXVfhEBQ94eIo34AfQpo0rGki4cyIiftY06h2Fg=="],

    "get-intrinsic": ["get-intrinsic@1.3.0", "", { "dependencies": { "call-bind-apply-helpers": "^1.0.2", "es-define-property": "^1.0.1", "es-errors": "^1.3.0", "es-object-atoms": "^1.1.1", "function-bind": "^1.1.2", "get-proto": "^1.0.1", "gopd": "^1.2.0", "has-symbols": "^1.1.0", "hasown": "^2.0.2", "math-intrinsics": "^1.1.0" } }, "sha512-9fSjSaos/fRIVIp+xSJlE6lfwhES7LNtKaCBIamHsjr2na1BiABJPo0mOjjz8GJDURarmCPGqaiVg5mfjb98CQ=="],

    "get-proto": ["get-proto@1.0.1", "", { "dependencies": { "dunder-proto": "^1.0.1", "es-object-atoms": "^1.0.0" } }, "sha512-sTSfBjoXBp89JvIKIefqw7U2CCebsc74kiY6awiGogKtoSGbgjYE/G/+l9sF3MWFPNc9IcoOC4ODfKHfxFmp0g=="],

    "google-auth-library": ["google-auth-library@9.15.1", "", { "dependencies": { "base64-js": "^1.3.0", "ecdsa-sig-formatter": "^1.0.11", "gaxios": "^6.1.1", "gcp-metadata": "^6.1.0", "gtoken": "^7.0.0", "jws": "^4.0.0" } }, "sha512-Jb6Z0+nvECVz+2lzSMt9u98UsoakXxA2HGHMCxh+so3n90XgYWkq5dur19JAJV7ONiJY22yBTyJB1TSkvPq9Ng=="],

    "google-gax": ["google-gax@5.0.0-rc.3", "", { "dependencies": { "@grpc/grpc-js": "^1.12.6", "@grpc/proto-loader": "^0.7.13", "@types/long": "^5.0.0", "abort-controller": "^3.0.0", "duplexify": "^4.1.3", "google-auth-library": "^10.0.0-rc.1", "google-logging-utils": "^1.1.1", "node-fetch": "^3.3.2", "object-hash": "^3.0.0", "proto3-json-serializer": "^3.0.0", "protobufjs": "^7.4.0", "retry-request": "^8.0.0" } }, "sha512-lItCXSIJ2pxyO7bo/NzfuZpTUJj5MyGZZQI4hHHk1iHxJ0Z3HOGA4vOIBATy/HewW+K7N8Fc1pzQksMOkOkcug=="],

    "google-logging-utils": ["google-logging-utils@1.1.1", "", {}, "sha512-rcX58I7nqpu4mbKztFeOAObbomBbHU2oIb/d3tJfF3dizGSApqtSwYJigGCooHdnMyQBIw8BrWyK96w3YXgr6A=="],

    "gopd": ["gopd@1.2.0", "", {}, "sha512-ZUKRh6/kUFoAiTAtTYPZJ3hw9wNxx+BIBOijnlG9PnrJsCcSjs1wyyD6vJpaYtgnzDrKYRSqf3OO6Rfa93xsRg=="],

    "gtoken": ["gtoken@7.1.0", "", { "dependencies": { "gaxios": "^6.0.0", "jws": "^4.0.0" } }, "sha512-pCcEwRi+TKpMlxAQObHDQ56KawURgyAf6jtIY046fJ5tIv3zDe/LEIubckAO8fj6JnAxLdmWkUfNyulQ2iKdEw=="],

    "has-symbols": ["has-symbols@1.1.0", "", {}, "sha512-1cDNdwJ2Jaohmb3sg4OmKaMBwuC48sYni5HUw2DvsC8LjGTLK9h+eb1X6RyuOHe4hT0ULCW68iomhjUoKUqlPQ=="],

    "has-tostringtag": ["has-tostringtag@1.0.2", "", { "dependencies": { "has-symbols": "^1.0.3" } }, "sha512-NqADB8VjPFLM2V0VvHUewwwsw0ZWBaIdgo+ieHtK3hasLz4qeCRjYcqfB6AQrBggRKppKF8L52/VqdVsO47Dlw=="],

    "hasown": ["hasown@2.0.2", "", { "dependencies": { "function-bind": "^1.1.2" } }, "sha512-0hJU9SCPvmMzIBdZFqNPXWa6dqh7WdH0cII9y+CyS8rG3nL48Bclra9HmKhVVUHyPWNH5Y7xDwAB7bfgSjkUMQ=="],

    "html-entities": ["html-entities@2.5.3", "", {}, "sha512-D3AfvN7SjhTgBSA8L1BN4FpPzuEd06uy4lHwSoRWr0lndi9BKaNzPLKGOWZ2ocSGguozr08TTb2jhCLHaemruw=="],

    "http-proxy-agent": ["http-proxy-agent@5.0.0", "", { "dependencies": { "@tootallnate/once": "2", "agent-base": "6", "debug": "4" } }, "sha512-n2hY8YdoRE1i7r6M0w9DIw5GgZN0G25P8zLCRQ8rjXtTU3vsNFBI/vWK/UIeE6g5MUUz6avwAPXmL6Fy9D/90w=="],

    "https-proxy-agent": ["https-proxy-agent@7.0.6", "", { "dependencies": { "agent-base": "^7.1.2", "debug": "4" } }, "sha512-vK9P5/iUfdl95AI+JVyUuIcVtd4ofvtrOr3HNtM2yxC9bnMbEdp3x01OhQNnjb8IJYi38VlTE3mBXwcfvywuSw=="],

    "humanize-ms": ["humanize-ms@1.2.1", "", { "dependencies": { "ms": "^2.0.0" } }, "sha512-Fl70vYtsAFb/C06PTS9dZBo7ihau+Tu/DNCk/OyHhea07S+aeMWpFFkUaXRa8fI+ScZbEI8dfSxwY7gxZ9SAVQ=="],

    "inherits": ["inherits@2.0.4", "", {}, "sha512-k/vGaX4/Yla3WzyMCvTQOXYeIHvqOKtnqBduzTHpzpQZzAskKMhZ2K+EnBiSM9zGSoIFeMpXKxa4dYeZIQqewQ=="],

    "is-fullwidth-code-point": ["is-fullwidth-code-point@3.0.0", "", {}, "sha512-zymm5+u+sCsSWyD9qNaejV3DFvhCKclKdizYaJUuHA83RLjb7nSuGnddCHGv0hk+KY7BMAlsWeK4Ueg6EV6XQg=="],

    "is-stream": ["is-stream@2.0.1", "", {}, "sha512-hFoiJiTl63nn+kstHGBtewWSKnQLpyb155KHheA1l39uvtO9nWIop1p3udqPcUd/xbF1VLMO4n7OI6p7RbngDg=="],

    "json-bigint": ["json-bigint@1.0.0", "", { "dependencies": { "bignumber.js": "^9.0.0" } }, "sha512-SiPv/8VpZuWbvLSMtTDU8hEfrZWg/mH/nV/b4o0CYbSxu1UIQPLdwKOCIyLQX+VIPO5vrLX3i8qtqFyhdPSUSQ=="],

    "jwa": ["jwa@2.0.0", "", { "dependencies": { "buffer-equal-constant-time": "1.0.1", "ecdsa-sig-formatter": "1.0.11", "safe-buffer": "^5.0.1" } }, "sha512-jrZ2Qx916EA+fq9cEAeCROWPTfCwi1IVHqT2tapuqLEVVDKFDENFw1oL+MwrTvH6msKxsd1YTDVw6uKEcsrLEA=="],

    "jws": ["jws@4.0.0", "", { "dependencies": { "jwa": "^2.0.0", "safe-buffer": "^5.0.1" } }, "sha512-KDncfTmOZoOMTFG4mBlG0qUIOlc03fmzH+ru6RgYVZhPkyiy/92Owlt/8UEN+a4TXR1FQetfIpJE8ApdvdVxTg=="],

    "lodash.camelcase": ["lodash.camelcase@4.3.0", "", {}, "sha512-TwuEnCnxbc3rAvhf/LbG7tJUDzhqXyFnv3dtzLOPgCG/hODL7WFnsbwktkD7yUV0RrreP/l1PALq/YSg6VvjlA=="],

    "long": ["long@1.1.5", "", {}, "sha512-TU6nAF5SdasnTr28c7e74P4Crbn9o3/zwo1pM22Wvg2i2vlZ4Eelxwu4QT7j21z0sDBlJDEnEZjXTZg2J8WJrg=="],

    "math-intrinsics": ["math-intrinsics@1.1.0", "", {}, "sha512-/IXtbwEk5HTPyEwyKX6hGkYXxM9nbj64B+ilVJnC/R6B0pH5G4V3b0pVbL7DBj4tkhBAppbQUlf6F6Xl9LHu1g=="],

    "mime": ["mime@3.0.0", "", { "bin": { "mime": "cli.js" } }, "sha512-jSCU7/VB1loIWBZe14aEYHU/+1UMEHoaO7qxCOVJOw9GgH72VAWppxNcjU+x9a2k3GSIBXNKxXQFqRvvZ7vr3A=="],

    "mime-db": ["mime-db@1.52.0", "", {}, "sha512-sPU4uV7dYlvtWJxwwxHD0PuihVNiE7TyAbQ5SWxDCB9mUYvOgroQOwYQQOKPJ8CIbE+1ETVlOoK1UC2nU3gYvg=="],

    "mime-types": ["mime-types@2.1.35", "", { "dependencies": { "mime-db": "1.52.0" } }, "sha512-ZDY+bPm5zTTF+YpCrAU9nK0UgICYPT0QtT1NZWFv4s++TNkcgVaT0g6+4R2uI4MjQjzysHB1zxuWL50hzaeXiw=="],

    "ms": ["ms@2.1.3", "", {}, "sha512-6FlzubTLZG3J2a/NVCAleEhjzq5oxgHyaCU9yYXvcLsvoVaHJq/s5xXI6/XXP6tz7R9xAOtHnSO/tXtF3WRTlA=="],

    "node-domexception": ["node-domexception@1.0.0", "", {}, "sha512-/jKZoMpw0F8GRwl4/eLROPA3cfcXtLApP0QzLmUT/HuPCZWyB7IY9ZrMeKw2O/nFIqPQB3PVM9aYm0F312AXDQ=="],

    "node-fetch": ["node-fetch@2.7.0", "", { "dependencies": { "whatwg-url": "^5.0.0" }, "peerDependencies": { "encoding": "^0.1.0" }, "optionalPeers": ["encoding"] }, "sha512-c4FRfUm/dbcWZ7U+1Wq0AwCyFL+3nt2bEw05wfxSz+DWpWsitgmSgYmy2dQdWyKC1694ELPqMs/YzUSNozLt8A=="],

    "object-hash": ["object-hash@3.0.0", "", {}, "sha512-RSn9F68PjH9HqtltsSnqYC1XXoWe9Bju5+213R98cNGttag9q9yAOTzdbsqvIa7aNm5WffBZFpWYr2aWrklWAw=="],

    "once": ["once@1.4.0", "", { "dependencies": { "wrappy": "1" } }, "sha512-lNaJgI+2Q5URQBkccEKHTQOPaXdUxnZZElQTZY0MFUAuaEqe1E+Nyvgdz/aIyNi6Z9MzO5dv1H8n58/GELp3+w=="],

    "openai": ["openai@4.86.2", "", { "dependencies": { "@types/node": "^18.11.18", "@types/node-fetch": "^2.6.4", "abort-controller": "^3.0.0", "agentkeepalive": "^4.2.1", "form-data-encoder": "1.7.2", "formdata-node": "^4.3.2", "node-fetch": "^2.6.7" }, "peerDependencies": { "ws": "^8.18.0", "zod": "^3.23.8" }, "optionalPeers": ["ws", "zod"], "bin": { "openai": "bin/cli" } }, "sha512-nvYeFjmjdSu6/msld+22JoUlCICNk/lUFpSMmc6KNhpeNLpqL70TqbD/8Vura/tFmYqHKW0trcjgPwUpKSPwaA=="],

    "p-limit": ["p-limit@3.1.0", "", { "dependencies": { "yocto-queue": "^0.1.0" } }, "sha512-TYOanM3wGwNGsZN2cVTYPArw454xnXj5qmWF1bEoAc4+cU/ol7GVh7odevjp1FNHduHc3KZMcFduxU5Xc6uJRQ=="],

    "proto3-json-serializer": ["proto3-json-serializer@3.0.0", "", { "dependencies": { "protobufjs": "^7.4.0" } }, "sha512-mHPIc7zaJc26HMpgX5J7vXjliYv4Rnn5ICUyINudz76iY4zFMQHTaQXrTFn0EoHnRsLD6BE+OuHhQHFUU93I9A=="],

    "protobuf.js": ["protobuf.js@1.1.2", "", { "dependencies": { "long": "~1.1.2" } }, "sha512-USO7Xus/pzPw549M1TguiyoOrKEhm9VMXv+CkDufcjMC8Rd7EPbxeRQPEjCV8ua1tm0k7z9xHkogcxovZogWdA=="],

    "protobufjs": ["protobufjs@7.4.0", "", { "dependencies": { "@protobufjs/aspromise": "^1.1.2", "@protobufjs/base64": "^1.1.2", "@protobufjs/codegen": "^2.0.4", "@protobufjs/eventemitter": "^1.1.0", "@protobufjs/fetch": "^1.1.0", "@protobufjs/float": "^1.0.2", "@protobufjs/inquire": "^1.1.0", "@protobufjs/path": "^1.1.2", "@protobufjs/pool": "^1.1.0", "@protobufjs/utf8": "^1.1.0", "@types/node": ">=13.7.0", "long": "^5.0.0" } }, "sha512-mRUWCc3KUU4w1jU8sGxICXH/gNS94DvI1gxqDvBzhj1JpcsimQkYiOJfwsPUykUI5ZaspFbSgmBLER8IrQ3tqw=="],

    "readable-stream": ["readable-stream@3.6.2", "", { "dependencies": { "inherits": "^2.0.3", "string_decoder": "^1.1.1", "util-deprecate": "^1.0.1" } }, "sha512-9u/sniCrY3D5WdsERHzHE4G2YCXqoG5FTHUiCC4SIbr6XcLZBY05ya9EKjYek9O5xOAwjGq+1JdGBAS7Q9ScoA=="],

    "require-directory": ["require-directory@2.1.1", "", {}, "sha512-fGxEI7+wsG9xrvdjsrlmL22OMTTiHRwAMroiEeMgq8gzoLC/PQr7RsRDSTLUg/bZAZtF+TVIkHc6/4RIKrui+Q=="],

    "retry": ["retry@0.13.1", "", {}, "sha512-XQBQ3I8W1Cge0Seh+6gjj03LbmRFWuoszgK9ooCpwYIrhhoO80pfq4cUkU5DkknwfOfFteRwlZ56PYOGYyFWdg=="],

    "retry-request": ["retry-request@7.0.2", "", { "dependencies": { "@types/request": "^2.48.8", "extend": "^3.0.2", "teeny-request": "^9.0.0" } }, "sha512-dUOvLMJ0/JJYEn8NrpOaGNE7X3vpI5XlZS/u0ANjqtcZVKnIxP7IgCFwrKTxENw29emmwug53awKtaMm4i9g5w=="],

    "rolldown": ["rolldown@1.0.0-beta.3-commit.fc7dd8c", "", { "dependencies": { "@oxc-project/types": "0.48.2", "@valibot/to-json-schema": "1.0.0-beta.5", "valibot": "1.0.0-beta.14" }, "optionalDependencies": { "@rolldown/binding-darwin-arm64": "1.0.0-beta.3-commit.fc7dd8c", "@rolldown/binding-darwin-x64": "1.0.0-beta.3-commit.fc7dd8c", "@rolldown/binding-freebsd-x64": "1.0.0-beta.3-commit.fc7dd8c", "@rolldown/binding-linux-arm-gnueabihf": "1.0.0-beta.3-commit.fc7dd8c", "@rolldown/binding-linux-arm64-gnu": "1.0.0-beta.3-commit.fc7dd8c", "@rolldown/binding-linux-arm64-musl": "1.0.0-beta.3-commit.fc7dd8c", "@rolldown/binding-linux-x64-gnu": "1.0.0-beta.3-commit.fc7dd8c", "@rolldown/binding-linux-x64-musl": "1.0.0-beta.3-commit.fc7dd8c", "@rolldown/binding-wasm32-wasi": "1.0.0-beta.3-commit.fc7dd8c", "@rolldown/binding-win32-arm64-msvc": "1.0.0-beta.3-commit.fc7dd8c", "@rolldown/binding-win32-ia32-msvc": "1.0.0-beta.3-commit.fc7dd8c", "@rolldown/binding-win32-x64-msvc": "1.0.0-beta.3-commit.fc7dd8c" }, "peerDependencies": { "@babel/runtime": ">=7" }, "optionalPeers": ["@babel/runtime"], "bin": { "rolldown": "bin/cli.js" } }, "sha512-bvy3lSJ2sp9vZq4lJCnJzZsnhgxHLZ/pdRnnJrBFkAdl133uYlA1//ea7C/Hi4UWFtGmNrfFMXaT+7UpTndBfw=="],

    "safe-buffer": ["safe-buffer@5.2.1", "", {}, "sha512-rp3So07KcdmmKbGvgaNxQSJr7bGVSVk5S9Eq1F+ppbRo70+YeaDxkw5Dd8NPN+GD6bjnYm2VuPuCXmpuYvmCXQ=="],

    "stream-events": ["stream-events@1.0.5", "", { "dependencies": { "stubs": "^3.0.0" } }, "sha512-E1GUzBSgvct8Jsb3v2X15pjzN1tYebtbLaMg+eBOUOAxgbLoSbT2NS91ckc5lJD1KfLjId+jXJRgo0qnV5Nerg=="],

    "stream-shift": ["stream-shift@1.0.3", "", {}, "sha512-76ORR0DO1o1hlKwTbi/DM3EXWGf3ZJYO8cXX5RJwnul2DEg2oyoZyjLNoQM8WsvZiFKCRfC1O0J7iCvie3RZmQ=="],

    "string-width": ["string-width@4.2.3", "", { "dependencies": { "emoji-regex": "^8.0.0", "is-fullwidth-code-point": "^3.0.0", "strip-ansi": "^6.0.1" } }, "sha512-wKyQRQpjJ0sIp62ErSZdGsjMJWsap5oRNihHhu6G7JVO/9jIB6UyevL+tXuOqrng8j/cxKTWyWUwvSTriiZz/g=="],

    "string_decoder": ["string_decoder@1.3.0", "", { "dependencies": { "safe-buffer": "~5.2.0" } }, "sha512-hkRX8U1WjJFd8LsDJ2yQ/wWWxaopEsABU1XfkM8A+j0+85JAGppt16cr1Whg6KIbb4okU6Mql6BOj+uup/wKeA=="],

    "strip-ansi": ["strip-ansi@6.0.1", "", { "dependencies": { "ansi-regex": "^5.0.1" } }, "sha512-Y38VPSHcqkFrCpFnQ9vuSXmquuv5oXOKpGeT6aGrr3o3Gc9AlVa6JBfUSOCnbxGGZF+/0ooI7KrPuUSztUdU5A=="],

    "strnum": ["strnum@1.1.2", "", {}, "sha512-vrN+B7DBIoTTZjnPNewwhx6cBA/H+IS7rfW68n7XxC1y7uoiGQBxaKzqucGUgavX15dJgiGztLJ8vxuEzwqBdA=="],

    "stubs": ["stubs@3.0.0", "", {}, "sha512-PdHt7hHUJKxvTCgbKX9C1V/ftOcjJQgz8BZwNfV5c4B6dcGqlpelTbJ999jBGZ2jYiPAwcX5dP6oBwVlBlUbxw=="],

    "teeny-request": ["teeny-request@9.0.0", "", { "dependencies": { "http-proxy-agent": "^5.0.0", "https-proxy-agent": "^5.0.0", "node-fetch": "^2.6.9", "stream-events": "^1.0.5", "uuid": "^9.0.0" } }, "sha512-resvxdc6Mgb7YEThw6G6bExlXKkv6+YbuzGg9xuXxSgxJF7Ozs+o8Y9+2R3sArdWdW8nOokoQb1yrpFB0pQK2g=="],

    "tr46": ["tr46@0.0.3", "", {}, "sha512-N3WMsuqV66lT30CrXNbEjx4GEwlow3v6rr4mCcv6prnfwhS01rkgyFdjPNBYd9br7LpXV1+Emh01fHnq2Gdgrw=="],

    "tslib": ["tslib@2.8.1", "", {}, "sha512-oJFu94HQb+KVduSUQL7wnpmqnfmLsOA/nAh6b6EH0wCEoK0/mPeXU6c3wKDV83MkOuHPRHtSXKKU99IBazS/2w=="],

    "typescript": ["typescript@5.8.2", "", { "bin": { "tsc": "bin/tsc", "tsserver": "bin/tsserver" } }, "sha512-aJn6wq13/afZp/jT9QZmwEjDqqvSGp1VT5GVg+f/t6/oVyrgXM6BY1h9BRh/O5p3PlUPAe+WuiEZOmb/49RqoQ=="],

    "undici-types": ["undici-types@5.26.5", "", {}, "sha512-JlCMO+ehdEIKqlFxk6IfVoAUVmgz7cU7zD/h9XZ0qzeosSHmUJVOzSQvvYSYWXkFXC+IfLKSIffhv0sVZup6pA=="],

    "util-deprecate": ["util-deprecate@1.0.2", "", {}, "sha512-EPD5q1uXyFxJpCrLnCc1nHnq3gOa6DZBocAIiI2TaSCA7VCJ1UJDMagCzIkXNsUYfD1daK//LTEQ8xiIbrHtcw=="],

    "uuid": ["uuid@8.3.2", "", { "bin": { "uuid": "dist/bin/uuid" } }, "sha512-+NYs2QeMWy+GWFOEm9xnn6HCDp0l7QBD7ml8zLUmJ+93Q5NF0NocErnwkTkXVFNiX3/fpC6afS8Dhb/gz7R7eg=="],

    "valibot": ["valibot@1.0.0-beta.14", "", { "peerDependencies": { "typescript": ">=5" }, "optionalPeers": ["typescript"] }, "sha512-tLyV2rE5QL6U29MFy3xt4AqMrn+/HErcp2ZThASnQvPMwfSozjV1uBGKIGiegtZIGjinJqn0SlBdannf18wENA=="],

    "web-streams-polyfill": ["web-streams-polyfill@4.0.0-beta.3", "", {}, "sha512-QW95TCTaHmsYfHDybGMwO5IJIM93I/6vTRk+daHTWFPhwh+C8Cg7j7XyKrwrj8Ib6vYXe0ocYNrmzY4xAAN6ug=="],

    "webidl-conversions": ["webidl-conversions@3.0.1", "", {}, "sha512-2JAn3z8AR6rjK8Sm8orRC0h/bcl/DqL7tRPdGZ4I1CjdF+EaMLmYxBHyXuKL849eucPFhvBoxMsflfOb8kxaeQ=="],

    "whatwg-url": ["whatwg-url@5.0.0", "", { "dependencies": { "tr46": "~0.0.3", "webidl-conversions": "^3.0.0" } }, "sha512-saE57nupxk6v3HY35+jzBwYa0rKSy0XR8JSxZPwgLr7ys0IBzhGviA1/TUGJLmSVqs8pb9AnvICXEuOHLprYTw=="],

    "wrap-ansi": ["wrap-ansi@7.0.0", "", { "dependencies": { "ansi-styles": "^4.0.0", "string-width": "^4.1.0", "strip-ansi": "^6.0.0" } }, "sha512-YVGIj2kamLSTxw6NsZjoBxfSwsn0ycdesmc4p+Q21c5zPuZ1pl+NfxVdxPtdHvmNVOQ6XSYG4AUtyt/Fi7D16Q=="],

    "wrappy": ["wrappy@1.0.2", "", {}, "sha512-l4Sp/DRseor9wL6EvV2+TuQn63dMkPjZ/sp9XkghTEbV9KlPS1xUsZ3u7/IQO4wxtcFB4bgpQPRcR3QCvezPcQ=="],

    "y18n": ["y18n@5.0.8", "", {}, "sha512-0pfFzegeDWJHJIAmTLRP2DwHjdF5s7jo9tuztdQxAhINCdvS+3nGINqPd00AphqJR/0LhANUS6/+7SCb98YOfA=="],

    "yargs": ["yargs@17.7.2", "", { "dependencies": { "cliui": "^8.0.1", "escalade": "^3.1.1", "get-caller-file": "^2.0.5", "require-directory": "^2.1.1", "string-width": "^4.2.3", "y18n": "^5.0.5", "yargs-parser": "^21.1.1" } }, "sha512-7dSzzRQ++CKnNI/krKnYRV7JKKPUXMEh61soaHKg9mrWEhzFWhFnxPxGl+69cD1Ou63C13NUPCnmIcrvqCuM6w=="],

    "yargs-parser": ["yargs-parser@21.1.1", "", {}, "sha512-tVpsJW7DdjecAiFpbIB1e3qxIQsE6NoPc5/eTdrbbIC4h0LVsWhnoa3g+m2HclBIujHzsxZ4VJVA+GUuc2/LBw=="],

    "yocto-queue": ["yocto-queue@0.1.0", "", {}, "sha512-rVksvsnNCdJ/ohGc6xgPwyN8eheCxsiLM8mxuE/t/mOVqJewPuO1miLpTHQiRgTKCLexL4MeAFVagts7HmNZ2Q=="],

    "@grpc/proto-loader/long": ["long@5.3.1", "", {}, "sha512-ka87Jz3gcx/I7Hal94xaN2tZEOPoUOEVftkQqZx2EeQRN7LGdfLlI3FvZ+7WDplm+vK2Urx9ULrvSowtdCieng=="],

    "@types/long/long": ["long@5.3.1", "", {}, "sha512-ka87Jz3gcx/I7Hal94xaN2tZEOPoUOEVftkQqZx2EeQRN7LGdfLlI3FvZ+7WDplm+vK2Urx9ULrvSowtdCieng=="],

    "@types/node-fetch/@types/node": ["@types/node@22.13.10", "", { "dependencies": { "undici-types": "~6.20.0" } }, "sha512-I6LPUvlRH+O6VRUqYOcMudhaIdUVWfsjnZavnsraHvpBwaEyMN29ry+0UVJhImYL16xsscu0aske3yA+uPOWfw=="],

    "@types/request/@types/node": ["@types/node@22.13.10", "", { "dependencies": { "undici-types": "~6.20.0" } }, "sha512-I6LPUvlRH+O6VRUqYOcMudhaIdUVWfsjnZavnsraHvpBwaEyMN29ry+0UVJhImYL16xsscu0aske3yA+uPOWfw=="],

    "@types/request/form-data": ["form-data@2.5.3", "", { "dependencies": { "asynckit": "^0.4.0", "combined-stream": "^1.0.8", "es-set-tostringtag": "^2.1.0", "mime-types": "^2.1.35", "safe-buffer": "^5.2.1" } }, "sha512-XHIrMD0NpDrNM/Ckf7XJiBbLl57KEhT3+i3yY+eWm+cqYZJQTZrKo8Y8AWKnuV5GT4scfuUGt9LzNoIx3dU1nQ=="],

    "@types/ws/@types/node": ["@types/node@22.13.10", "", { "dependencies": { "undici-types": "~6.20.0" } }, "sha512-I6LPUvlRH+O6VRUqYOcMudhaIdUVWfsjnZavnsraHvpBwaEyMN29ry+0UVJhImYL16xsscu0aske3yA+uPOWfw=="],

    "bun-types/@types/node": ["@types/node@22.13.10", "", { "dependencies": { "undici-types": "~6.20.0" } }, "sha512-I6LPUvlRH+O6VRUqYOcMudhaIdUVWfsjnZavnsraHvpBwaEyMN29ry+0UVJhImYL16xsscu0aske3yA+uPOWfw=="],

    "fetch-blob/web-streams-polyfill": ["web-streams-polyfill@3.3.3", "", {}, "sha512-d2JWLCivmZYTSIoge9MsgFCZrt571BikcWGYkjC1khllbTeDlGqZ2D8vD8E/lJa8WGWbb7Plm8/XJYV7IJHZZw=="],

    "gaxios/uuid": ["uuid@9.0.1", "", { "bin": { "uuid": "dist/bin/uuid" } }, "sha512-b+1eJOlsR9K8HJpow9Ok3fiWOWSIcIzXodvv0rQjVoOVNpWMpxf1wZNpt4y9h10odCNrqnYp1OBzRktckBe3sA=="],

    "gcp-metadata/google-logging-utils": ["google-logging-utils@0.0.2", "", {}, "sha512-NEgUnEcBiP5HrPzufUkBzJOD/Sxsco3rLNo1F1TNf7ieU8ryUzBhqba8r756CjLX7rn3fHl6iLEwPYuqpoKgQQ=="],

    "google-gax/google-auth-library": ["google-auth-library@10.0.0-rc.1", "", { "dependencies": { "base64-js": "^1.3.0", "ecdsa-sig-formatter": "^1.0.11", "gaxios": "^7.0.0-rc.4", "gcp-metadata": "^7.0.0-rc.1", "gtoken": "^8.0.0-rc.1", "jws": "^4.0.0" } }, "sha512-Ri8Yk7bMhaPcqzwyW5XHS4scc5KL+AdyUVxA5YGw9BUxYcL2P/tdEfj13O9KpV03k5sUqlaTL+HPxb/deGVjxw=="],

    "google-gax/node-fetch": ["node-fetch@3.3.2", "", { "dependencies": { "data-uri-to-buffer": "^4.0.0", "fetch-blob": "^3.1.4", "formdata-polyfill": "^4.0.10" } }, "sha512-dRB78srN/l6gqWulah9SrxeYnxeddIG30+GOqK/9OlLVyLg3HPnr6SqOWTWOXKRwC2eGYCkZ59NNuSgvSrpgOA=="],

    "google-gax/retry-request": ["retry-request@8.0.0", "", { "dependencies": { "@types/request": "^2.48.12", "extend": "^3.0.2", "teeny-request": "^10.0.0" } }, "sha512-dJkZNmyV9C8WKUmbdj1xcvVlXBSvsUQCkg89TCK8rD72RdSn9A2jlXlS2VuYSTHoPJjJEfUHhjNYrlvuksF9cg=="],

    "http-proxy-agent/agent-base": ["agent-base@6.0.2", "", { "dependencies": { "debug": "4" } }, "sha512-RZNwNclF7+MS/8bDg70amg32dyeZGZxiDuQmZxKLAlQjr3jGyLx+4Kkk58UO7D2QdgFIQCovuSuZESne6RG6XQ=="],

    "protobufjs/@types/node": ["@types/node@22.13.10", "", { "dependencies": { "undici-types": "~6.20.0" } }, "sha512-I6LPUvlRH+O6VRUqYOcMudhaIdUVWfsjnZavnsraHvpBwaEyMN29ry+0UVJhImYL16xsscu0aske3yA+uPOWfw=="],

    "protobufjs/long": ["long@5.3.1", "", {}, "sha512-ka87Jz3gcx/I7Hal94xaN2tZEOPoUOEVftkQqZx2EeQRN7LGdfLlI3FvZ+7WDplm+vK2Urx9ULrvSowtdCieng=="],

    "teeny-request/https-proxy-agent": ["https-proxy-agent@5.0.1", "", { "dependencies": { "agent-base": "6", "debug": "4" } }, "sha512-dFcAjpTQFgoLMzC2VwU+C/CbS7uRL0lWmxDITmqm7C+7F0Odmj6s9l6alZc6AELXhrnggM2CeWSXHGOdX2YtwA=="],

    "teeny-request/uuid": ["uuid@9.0.1", "", { "bin": { "uuid": "dist/bin/uuid" } }, "sha512-b+1eJOlsR9K8HJpow9Ok3fiWOWSIcIzXodvv0rQjVoOVNpWMpxf1wZNpt4y9h10odCNrqnYp1OBzRktckBe3sA=="],

    "@types/node-fetch/@types/node/undici-types": ["undici-types@6.20.0", "", {}, "sha512-Ny6QZ2Nju20vw1SRHe3d9jVu6gJ+4e3+MMpqu7pqE5HT6WsTSlce++GQmK5UXS8mzV8DSYHrQH+Xrf2jVcuKNg=="],

    "@types/request/@types/node/undici-types": ["undici-types@6.20.0", "", {}, "sha512-Ny6QZ2Nju20vw1SRHe3d9jVu6gJ+4e3+MMpqu7pqE5HT6WsTSlce++GQmK5UXS8mzV8DSYHrQH+Xrf2jVcuKNg=="],

    "@types/ws/@types/node/undici-types": ["undici-types@6.20.0", "", {}, "sha512-Ny6QZ2Nju20vw1SRHe3d9jVu6gJ+4e3+MMpqu7pqE5HT6WsTSlce++GQmK5UXS8mzV8DSYHrQH+Xrf2jVcuKNg=="],

    "bun-types/@types/node/undici-types": ["undici-types@6.20.0", "", {}, "sha512-Ny6QZ2Nju20vw1SRHe3d9jVu6gJ+4e3+MMpqu7pqE5HT6WsTSlce++GQmK5UXS8mzV8DSYHrQH+Xrf2jVcuKNg=="],

    "google-gax/google-auth-library/gaxios": ["gaxios@7.0.0-rc.4", "", { "dependencies": { "extend": "^3.0.2", "https-proxy-agent": "^7.0.1", "node-fetch": "^3.3.2" } }, "sha512-fwQMwbs3o8Odl/nc/rkQJwyHeOXdderOwmybUl0gkyTdZXMK1oSTWj4Em7gSogVJsRWDeHPXLY06+e8Rkr01iw=="],

    "google-gax/google-auth-library/gcp-metadata": ["gcp-metadata@7.0.0-rc.1", "", { "dependencies": { "gaxios": "^7.0.0-rc.1", "google-logging-utils": "^1.0.0", "json-bigint": "^1.0.0" } }, "sha512-E6c+AdIaK1LNA839OyotiTca+B2IG1nDlMjnlcck8JjXn3fVgx57Ib9i6iL1/iqN7bA3EUQdcRRu+HqOCOABIg=="],

    "google-gax/google-auth-library/gtoken": ["gtoken@8.0.0-rc.1", "", { "dependencies": { "gaxios": "^7.0.0-rc.1", "jws": "^4.0.0" } }, "sha512-UjE/egX6ixArdcCKOkheuFQ4XN4/0gX92nd2JPVEYuRU2sWHAWuOVGnowm1fQUdQtaxqn1n8H0hOb2LCaUhJ3A=="],

    "google-gax/retry-request/teeny-request": ["teeny-request@10.0.0", "", { "dependencies": { "http-proxy-agent": "^5.0.0", "https-proxy-agent": "^5.0.0", "node-fetch": "^3.3.2", "stream-events": "^1.0.5" } }, "sha512-GSenHGKrnSVnlCzgrhwUVujtwiZUEBA0H4rY783rkrPlBTGaDYibjXj6VbGyP8BpKIJulvMYhKmLuoDCvEWi6w=="],

    "protobufjs/@types/node/undici-types": ["undici-types@6.20.0", "", {}, "sha512-Ny6QZ2Nju20vw1SRHe3d9jVu6gJ+4e3+MMpqu7pqE5HT6WsTSlce++GQmK5UXS8mzV8DSYHrQH+Xrf2jVcuKNg=="],

    "teeny-request/https-proxy-agent/agent-base": ["agent-base@6.0.2", "", { "dependencies": { "debug": "4" } }, "sha512-RZNwNclF7+MS/8bDg70amg32dyeZGZxiDuQmZxKLAlQjr3jGyLx+4Kkk58UO7D2QdgFIQCovuSuZESne6RG6XQ=="],

    "google-gax/retry-request/teeny-request/https-proxy-agent": ["https-proxy-agent@5.0.1", "", { "dependencies": { "agent-base": "6", "debug": "4" } }, "sha512-dFcAjpTQFgoLMzC2VwU+C/CbS7uRL0lWmxDITmqm7C+7F0Odmj6s9l6alZc6AELXhrnggM2CeWSXHGOdX2YtwA=="],

    "google-gax/retry-request/teeny-request/https-proxy-agent/agent-base": ["agent-base@6.0.2", "", { "dependencies": { "debug": "4" } }, "sha512-RZNwNclF7+MS/8bDg70amg32dyeZGZxiDuQmZxKLAlQjr3jGyLx+4Kkk58UO7D2QdgFIQCovuSuZESne6RG6XQ=="],
  }
}
